
Microsoft Visual Studio Solution File, Format Version 12.00
# Visual Studio 2017
Project("{FAE04EC0-301F-11D3-BF4B-00C04F79EFBC}") = "FantasyRPGProject.Plugins", "FantasyRPGProject.Plugins.csproj", "{6B97CF97-9ECD-80BC-CC13-064C841B76E3}"
EndProject
Project("{FAE04EC0-301F-11D3-BF4B-00C04F79EFBC}") = "FantasyRPGProject", "FantasyRPGProject.csproj", "{0346A7F3-8A49-6116-7B10-97516C2680F0}"
EndProject
Project("{FAE04EC0-301F-11D3-BF4B-00C04F79EFBC}") = "FantasyRPGProject.Editor.Plugins", "FantasyRPGProject.Editor.Plugins.csproj", "{480887A7-8F40-9F34-F7F8-E4C0114FBC2A}"
EndProject
Project("{FAE04EC0-301F-11D3-BF4B-00C04F79EFBC}") = "FantasyRPGProject.Editor", "FantasyRPGProject.Editor.csproj", "{C6871522-603B-963E-F636-49998AC3D2C8}"
EndProject
Global
	GlobalSection(SolutionConfigurationPlatforms) = preSolution
		Debug|Any CPU = Debug|Any CPU
		Release|Any CPU = Release|Any CPU
	EndGlobalSection
	GlobalSection(ProjectConfigurationPlatforms) = postSolution
		{6B97CF97-9ECD-80BC-CC13-064C841B76E3}.Debug|Any CPU.ActiveCfg = Debug|Any CPU
		{6B97CF97-9ECD-80BC-CC13-064C841B76E3}.Debug|Any CPU.Build.0 = Debug|Any CPU
		{6B97CF97-9ECD-80BC-CC13-064C841B76E3}.Release|Any CPU.ActiveCfg = Release|Any CPU
		{6B97CF97-9ECD-80BC-CC13-064C841B76E3}.Release|Any CPU.Build.0 = Release|Any CPU
		{0346A7F3-8A49-6116-7B10-97516C2680F0}.Debug|Any CPU.ActiveCfg = Debug|Any CPU
		{0346A7F3-8A49-6116-7B10-97516C2680F0}.Debug|Any CPU.Build.0 = Debug|Any CPU
		{0346A7F3-8A49-6116-7B10-97516C2680F0}.Release|Any CPU.ActiveCfg = Release|Any CPU
		{0346A7F3-8A49-6116-7B10-97516C2680F0}.Release|Any CPU.Build.0 = Release|Any CPU
		{480887A7-8F40-9F34-F7F8-E4C0114FBC2A}.Debug|Any CPU.ActiveCfg = Debug|Any CPU
		{480887A7-8F40-9F34-F7F8-E4C0114FBC2A}.Debug|Any CPU.Build.0 = Debug|Any CPU
		{480887A7-8F40-9F34-F7F8-E4C0114FBC2A}.Release|Any CPU.ActiveCfg = Release|Any CPU
		{480887A7-8F40-9F34-F7F8-E4C0114FBC2A}.Release|Any CPU.Build.0 = Release|Any CPU
		{C6871522-603B-963E-F636-49998AC3D2C8}.Debug|Any CPU.ActiveCfg = Debug|Any CPU
		{C6871522-603B-963E-F636-49998AC3D2C8}.Debug|Any CPU.Build.0 = Debug|Any CPU
		{C6871522-603B-963E-F636-49998AC3D2C8}.Release|Any CPU.ActiveCfg = Release|Any CPU
		{C6871522-603B-963E-F636-49998AC3D2C8}.Release|Any CPU.Build.0 = Release|Any CPU
	EndGlobalSection
	GlobalSection(SolutionProperties) = preSolution
		HideSolutionNode = FALSE
	EndGlobalSection
EndGlobal
